
Microsoft Visual Studio Solution File, Format Version 12.00
# Visual Studio 15
VisualStudioVersion = 15.0.27428.2043
MinimumVisualStudioVersion = 10.0.40219.1
Project("{FAE04EC0-301F-11D3-BF4B-00C04F79EFBC}") = "ArmyBasePRG282", "ArmyBasePRG282\ArmyBasePRG282.csproj", "{6CC7F06B-B233-41F2-B619-60C762F9E9FB}"
EndProject
Global
	GlobalSection(SolutionConfigurationPlatforms) = preSolution
		Debug|Any CPU = Debug|Any CPU
		Release|Any CPU = Release|Any CPU
	EndGlobalSection
	GlobalSection(ProjectConfigurationPlatforms) = postSolution
		{6CC7F06B-B233-41F2-B619-60C762F9E9FB}.Debug|Any CPU.ActiveCfg = Debug|Any CPU
		{6CC7F06B-B233-41F2-B619-60C762F9E9FB}.Debug|Any CPU.Build.0 = Debug|Any CPU
		{6CC7F06B-B233-41F2-B619-60C762F9E9FB}.Release|Any CPU.ActiveCfg = Release|Any CPU
		{6CC7F06B-B233-41F2-B619-60C762F9E9FB}.Release|Any CPU.Build.0 = Release|Any CPU
	EndGlobalSection
	GlobalSection(SolutionProperties) = preSolution
		HideSolutionNode = FALSE
	EndGlobalSection
	GlobalSection(ExtensibilityGlobals) = postSolution
		SolutionGuid = {20572D22-51B0-4C7D-8BC4-BEC86B021CDC}
	EndGlobalSection
EndGlobal
